
Microsoft Visual Studio Solution File, Format Version 12.00
Project("{FAE04EC0-301F-11D3-BF4B-00C04F79EFBC}") = "Compiler", "Compiler\Compiler.csproj", "{C02F2AD8-7BFE-4DE3-9BD5-B07F4BE32AD5}"
EndProject
Project("{FAE04EC0-301F-11D3-BF4B-00C04F79EFBC}") = "ConsoleTest", "ConsoleTest\ConsoleTest.csproj", "{E2322390-EB4A-484E-8225-4D6174F27079}"
EndProject
Project("{2150E333-8FDC-42A3-9474-1A3956D46DE8}") = "Modules", "Modules", "{2ABB6BB5-4545-474A-9B12-685AFEC1B2A1}"
EndProject
Project("{FAE04EC0-301F-11D3-BF4B-00C04F79EFBC}") = "Web", "Web\Web.csproj", "{910D1DAA-4605-4EAB-B391-6C8071F6592C}"
EndProject
Project("{FAE04EC0-301F-11D3-BF4B-00C04F79EFBC}") = "Core", "Core\Core.csproj", "{CAB88071-CD08-4238-81F1-7DC5C3C3702F}"
EndProject
Project("{FAE04EC0-301F-11D3-BF4B-00C04F79EFBC}") = "Common", "Modules\Common\Common.csproj", "{627831BE-1AC1-4938-B30A-C8B21B2F1628}"
EndProject
Project("{FAE04EC0-301F-11D3-BF4B-00C04F79EFBC}") = "Runtime", "Runtime\Runtime.csproj", "{FAB69FF2-7F84-4154-9618-CA1F918956AB}"
EndProject
Global
	GlobalSection(SolutionConfigurationPlatforms) = preSolution
		Debug|Any CPU = Debug|Any CPU
		Release|Any CPU = Release|Any CPU
	EndGlobalSection
	GlobalSection(ProjectConfigurationPlatforms) = postSolution
		{C02F2AD8-7BFE-4DE3-9BD5-B07F4BE32AD5}.Debug|Any CPU.ActiveCfg = Debug|Any CPU
		{C02F2AD8-7BFE-4DE3-9BD5-B07F4BE32AD5}.Debug|Any CPU.Build.0 = Debug|Any CPU
		{C02F2AD8-7BFE-4DE3-9BD5-B07F4BE32AD5}.Release|Any CPU.ActiveCfg = Release|Any CPU
		{C02F2AD8-7BFE-4DE3-9BD5-B07F4BE32AD5}.Release|Any CPU.Build.0 = Release|Any CPU
		{E2322390-EB4A-484E-8225-4D6174F27079}.Debug|Any CPU.ActiveCfg = Debug|Any CPU
		{E2322390-EB4A-484E-8225-4D6174F27079}.Debug|Any CPU.Build.0 = Debug|Any CPU
		{E2322390-EB4A-484E-8225-4D6174F27079}.Release|Any CPU.ActiveCfg = Release|Any CPU
		{E2322390-EB4A-484E-8225-4D6174F27079}.Release|Any CPU.Build.0 = Release|Any CPU
		{910D1DAA-4605-4EAB-B391-6C8071F6592C}.Debug|Any CPU.ActiveCfg = Debug|Any CPU
		{910D1DAA-4605-4EAB-B391-6C8071F6592C}.Debug|Any CPU.Build.0 = Debug|Any CPU
		{910D1DAA-4605-4EAB-B391-6C8071F6592C}.Release|Any CPU.ActiveCfg = Release|Any CPU
		{910D1DAA-4605-4EAB-B391-6C8071F6592C}.Release|Any CPU.Build.0 = Release|Any CPU
		{CAB88071-CD08-4238-81F1-7DC5C3C3702F}.Debug|Any CPU.ActiveCfg = Debug|Any CPU
		{CAB88071-CD08-4238-81F1-7DC5C3C3702F}.Debug|Any CPU.Build.0 = Debug|Any CPU
		{CAB88071-CD08-4238-81F1-7DC5C3C3702F}.Release|Any CPU.ActiveCfg = Release|Any CPU
		{CAB88071-CD08-4238-81F1-7DC5C3C3702F}.Release|Any CPU.Build.0 = Release|Any CPU
		{627831BE-1AC1-4938-B30A-C8B21B2F1628}.Debug|Any CPU.ActiveCfg = Debug|Any CPU
		{627831BE-1AC1-4938-B30A-C8B21B2F1628}.Debug|Any CPU.Build.0 = Debug|Any CPU
		{627831BE-1AC1-4938-B30A-C8B21B2F1628}.Release|Any CPU.ActiveCfg = Release|Any CPU
		{627831BE-1AC1-4938-B30A-C8B21B2F1628}.Release|Any CPU.Build.0 = Release|Any CPU
		{FAB69FF2-7F84-4154-9618-CA1F918956AB}.Debug|Any CPU.ActiveCfg = Debug|Any CPU
		{FAB69FF2-7F84-4154-9618-CA1F918956AB}.Debug|Any CPU.Build.0 = Debug|Any CPU
		{FAB69FF2-7F84-4154-9618-CA1F918956AB}.Release|Any CPU.ActiveCfg = Release|Any CPU
		{FAB69FF2-7F84-4154-9618-CA1F918956AB}.Release|Any CPU.Build.0 = Release|Any CPU
	EndGlobalSection
	GlobalSection(NestedProjects) = preSolution
		{CAB88071-CD08-4238-81F1-7DC5C3C3702F} = {2ABB6BB5-4545-474A-9B12-685AFEC1B2A1}
		{910D1DAA-4605-4EAB-B391-6C8071F6592C} = {2ABB6BB5-4545-474A-9B12-685AFEC1B2A1}
		{627831BE-1AC1-4938-B30A-C8B21B2F1628} = {2ABB6BB5-4545-474A-9B12-685AFEC1B2A1}
	EndGlobalSection
EndGlobal
